
Microsoft Visual Studio Solution File, Format Version 12.00
# Visual Studio Version 17
VisualStudioVersion = 17.4.33110.190
MinimumVisualStudioVersion = 10.0.40219.1
Project("{FAE04EC0-301F-11D3-BF4B-00C04F79EFBC}") = "ArrayListLibrary", "ArrayListLibrary\ArrayListLibrary.csproj", "{977A8EC2-1E4D-4063-A653-EF0E71E68375}"
EndProject
Project("{FAE04EC0-301F-11D3-BF4B-00C04F79EFBC}") = "ArrayListLibrary.Test", "ArrayListLibrary.Test\ArrayListLibrary.Test.csproj", "{8F119F36-708B-4CE8-AB4F-54291F9CAFAD}"
EndProject
Global
	GlobalSection(SolutionConfigurationPlatforms) = preSolution
		Debug|Any CPU = Debug|Any CPU
		Release|Any CPU = Release|Any CPU
	EndGlobalSection
	GlobalSection(ProjectConfigurationPlatforms) = postSolution
		{977A8EC2-1E4D-4063-A653-EF0E71E68375}.Debug|Any CPU.ActiveCfg = Debug|Any CPU
		{977A8EC2-1E4D-4063-A653-EF0E71E68375}.Debug|Any CPU.Build.0 = Debug|Any CPU
		{977A8EC2-1E4D-4063-A653-EF0E71E68375}.Release|Any CPU.ActiveCfg = Release|Any CPU
		{977A8EC2-1E4D-4063-A653-EF0E71E68375}.Release|Any CPU.Build.0 = Release|Any CPU
		{8F119F36-708B-4CE8-AB4F-54291F9CAFAD}.Debug|Any CPU.ActiveCfg = Debug|Any CPU
		{8F119F36-708B-4CE8-AB4F-54291F9CAFAD}.Debug|Any CPU.Build.0 = Debug|Any CPU
		{8F119F36-708B-4CE8-AB4F-54291F9CAFAD}.Release|Any CPU.ActiveCfg = Release|Any CPU
		{8F119F36-708B-4CE8-AB4F-54291F9CAFAD}.Release|Any CPU.Build.0 = Release|Any CPU
	EndGlobalSection
	GlobalSection(SolutionProperties) = preSolution
		HideSolutionNode = FALSE
	EndGlobalSection
	GlobalSection(ExtensibilityGlobals) = postSolution
		SolutionGuid = {9ACF6A7C-5C42-4603-AB6A-47711FD7FB23}
	EndGlobalSection
EndGlobal
